
Microsoft Visual Studio Solution File, Format Version 12.00
Project("{FAE04EC0-301F-11D3-BF4B-00C04F79EFBC}") = "MonkeySoft_2", "MonkeySoft_2.csproj", "{7CAD2651-5EBD-47F8-9F9D-6111A2F8C5DC}"
EndProject
Global
	GlobalSection(SolutionConfigurationPlatforms) = preSolution
		Debug|Any CPU = Debug|Any CPU
		Release|Any CPU = Release|Any CPU
	EndGlobalSection
	GlobalSection(ProjectConfigurationPlatforms) = postSolution
		{7CAD2651-5EBD-47F8-9F9D-6111A2F8C5DC}.Debug|Any CPU.ActiveCfg = Debug|Any CPU
		{7CAD2651-5EBD-47F8-9F9D-6111A2F8C5DC}.Debug|Any CPU.Build.0 = Debug|Any CPU
		{7CAD2651-5EBD-47F8-9F9D-6111A2F8C5DC}.Release|Any CPU.ActiveCfg = Release|Any CPU
		{7CAD2651-5EBD-47F8-9F9D-6111A2F8C5DC}.Release|Any CPU.Build.0 = Release|Any CPU
	EndGlobalSection
EndGlobal
